schema: '2.0'
stages:
  run_pipeline:
    cmd: airbnb-ops run
    deps:
    - path: data/raw/listings_sample.csv
      hash: md5
      md5: f4be008a68bfc089e8e396a23370d07a
      size: 388
    - path: data/raw/neighbourhood_segments.csv
      hash: md5
      md5: 93aae4c9310766c078a45d311dfff912
      size: 182
    - path: src/airbnb_ops
      hash: md5
      md5: 4550c53304b286b2718696082cf09f05.dir
      size: 15116
      nfiles: 14
    outs:
    - path: data/processed/airbnb_neighbourhood_summary.csv
      hash: md5
      md5: ae0031c1483f0cd4f43b351e18afd305
      size: 452
    - path: reports/hw01_a_run_report.md
      hash: md5
      md5: bfab1015511e8eab6358933321a35565
      size: 337
